// !$*UTF8*$!
{
	archiveVersion = 1;
	classes = {
	};
	objectVersion = 46;
	objects = {

/* Begin PBXBuildFile section */
		940DF6DA1B2C858300552527 /* StandardAddButton.swift in Sources */ = {isa = PBXBuildFile; fileRef = 940DF6D91B2C858300552527 /* StandardAddButton.swift */; };
		941DAC601AE70F360089EF3B /* AddGroup.swift in Sources */ = {isa = PBXBuildFile; fileRef = 941DAC5F1AE70F360089EF3B /* AddGroup.swift */; };
		941DAC621AE7110E0089EF3B /* WaypointGroup.swift in Sources */ = {isa = PBXBuildFile; fileRef = 941DAC611AE7110E0089EF3B /* WaypointGroup.swift */; };
		943ED48B1B1E657C00AF96E9 /* AddAddressButton.swift in Sources */ = {isa = PBXBuildFile; fileRef = 943ED48A1B1E657C00AF96E9 /* AddAddressButton.swift */; };
		94616B3A1AE54F3700904114 /* VerifyButton.swift in Sources */ = {isa = PBXBuildFile; fileRef = 94616B391AE54F3700904114 /* VerifyButton.swift */; };
		9480A1E91AE54BAB007F45BE /* AppDelegate.swift in Sources */ = {isa = PBXBuildFile; fileRef = 9480A1E81AE54BAB007F45BE /* AppDelegate.swift */; };
		9480A1EB1AE54BAB007F45BE /* ViewController.swift in Sources */ = {isa = PBXBuildFile; fileRef = 9480A1EA1AE54BAB007F45BE /* ViewController.swift */; };
		9480A1EE1AE54BAB007F45BE /* Main.storyboard in Resources */ = {isa = PBXBuildFile; fileRef = 9480A1EC1AE54BAB007F45BE /* Main.storyboard */; };
		9480A1F01AE54BAB007F45BE /* Images.xcassets in Resources */ = {isa = PBXBuildFile; fileRef = 9480A1EF1AE54BAB007F45BE /* Images.xcassets */; };
		9480A1F31AE54BAB007F45BE /* LaunchScreen.xib in Resources */ = {isa = PBXBuildFile; fileRef = 9480A1F11AE54BAB007F45BE /* LaunchScreen.xib */; };
		9480A1FF1AE54BAB007F45BE /* WaypointerTests.swift in Sources */ = {isa = PBXBuildFile; fileRef = 9480A1FE1AE54BAB007F45BE /* WaypointerTests.swift */; };
		9480A20A1AE54BC9007F45BE /* AddButton.swift in Sources */ = {isa = PBXBuildFile; fileRef = 9480A2091AE54BC9007F45BE /* AddButton.swift */; };
		9480A20D1AE54BED007F45BE /* Waypoint.swift in Sources */ = {isa = PBXBuildFile; fileRef = 9480A20C1AE54BED007F45BE /* Waypoint.swift */; };
		9480A20F1AE54C08007F45BE /* WaypointManager.swift in Sources */ = {isa = PBXBuildFile; fileRef = 9480A20E1AE54C08007F45BE /* WaypointManager.swift */; };
		9480A2121AE54C30007F45BE /* MyMath.swift in Sources */ = {isa = PBXBuildFile; fileRef = 9480A2111AE54C30007F45BE /* MyMath.swift */; };
		9480A2151AE54C58007F45BE /* Point3D.swift in Sources */ = {isa = PBXBuildFile; fileRef = 9480A2141AE54C58007F45BE /* Point3D.swift */; };
		9480A2171AE54C65007F45BE /* Line.swift in Sources */ = {isa = PBXBuildFile; fileRef = 9480A2161AE54C65007F45BE /* Line.swift */; };
		9480A2191AE54C7D007F45BE /* global.swift in Sources */ = {isa = PBXBuildFile; fileRef = 9480A2181AE54C7D007F45BE /* global.swift */; };
		9494B2751B5058730038D3B6 /* CannotRunScreen.swift in Sources */ = {isa = PBXBuildFile; fileRef = 9494B2741B5058730038D3B6 /* CannotRunScreen.swift */; };
		9494B2771B505F1D0038D3B6 /* CenterLine.swift in Sources */ = {isa = PBXBuildFile; fileRef = 9494B2761B505F1D0038D3B6 /* CenterLine.swift */; };
		949CA03B1B803A92006BA3EA /* groups.txt in Resources */ = {isa = PBXBuildFile; fileRef = 949CA03A1B803A92006BA3EA /* groups.txt */; };
		94AF40451B507A020052E347 /* GreyTintScreen.swift in Sources */ = {isa = PBXBuildFile; fileRef = 94AF40441B507A020052E347 /* GreyTintScreen.swift */; };
		94C6E1001B38C04200F6FA08 /* GroupScreen.swift in Sources */ = {isa = PBXBuildFile; fileRef = 94C6E0FF1B38C04200F6FA08 /* GroupScreen.swift */; };
		94C6E1021B38C08E00F6FA08 /* GroupButton.swift in Sources */ = {isa = PBXBuildFile; fileRef = 94C6E1011B38C08E00F6FA08 /* GroupButton.swift */; };
/* End PBXBuildFile section */

/* Begin PBXContainerItemProxy section */
		9480A1F91AE54BAB007F45BE /* PBXContainerItemProxy */ = {
			isa = PBXContainerItemProxy;
			containerPortal = 9480A1DB1AE54BAB007F45BE /* Project object */;
			proxyType = 1;
			remoteGlobalIDString = 9480A1E21AE54BAB007F45BE;
			remoteInfo = Waypointer;
		};
/* End PBXContainerItemProxy section */

/* Begin PBXFileReference section */
		940DF6D91B2C858300552527 /* StandardAddButton.swift */ = {isa = PBXFileReference; fileEncoding = 4; lastKnownFileType = sourcecode.swift; path = StandardAddButton.swift; sourceTree = "<group>"; };
		941DAC5F1AE70F360089EF3B /* AddGroup.swift */ = {isa = PBXFileReference; fileEncoding = 4; lastKnownFileType = sourcecode.swift; path = AddGroup.swift; sourceTree = "<group>"; };
		941DAC611AE7110E0089EF3B /* WaypointGroup.swift */ = {isa = PBXFileReference; fileEncoding = 4; lastKnownFileType = sourcecode.swift; path = WaypointGroup.swift; sourceTree = "<group>"; };
		943ED48A1B1E657C00AF96E9 /* AddAddressButton.swift */ = {isa = PBXFileReference; fileEncoding = 4; lastKnownFileType = sourcecode.swift; path = AddAddressButton.swift; sourceTree = "<group>"; };
		94616B391AE54F3700904114 /* VerifyButton.swift */ = {isa = PBXFileReference; fileEncoding = 4; lastKnownFileType = sourcecode.swift; path = VerifyButton.swift; sourceTree = "<group>"; };
		9480A1E31AE54BAB007F45BE /* Waypointer.app */ = {isa = PBXFileReference; explicitFileType = wrapper.application; includeInIndex = 0; path = Waypointer.app; sourceTree = BUILT_PRODUCTS_DIR; };
		9480A1E71AE54BAB007F45BE /* Info.plist */ = {isa = PBXFileReference; lastKnownFileType = text.plist.xml; path = Info.plist; sourceTree = "<group>"; };
		9480A1E81AE54BAB007F45BE /* AppDelegate.swift */ = {isa = PBXFileReference; lastKnownFileType = sourcecode.swift; path = AppDelegate.swift; sourceTree = "<group>"; };
		9480A1EA1AE54BAB007F45BE /* ViewController.swift */ = {isa = PBXFileReference; lastKnownFileType = sourcecode.swift; path = ViewController.swift; sourceTree = "<group>"; };
		9480A1ED1AE54BAB007F45BE /* Base */ = {isa = PBXFileReference; lastKnownFileType = file.storyboard; name = Base; path = Base.lproj/Main.storyboard; sourceTree = "<group>"; };
		9480A1EF1AE54BAB007F45BE /* Images.xcassets */ = {isa = PBXFileReference; lastKnownFileType = folder.assetcatalog; path = Images.xcassets; sourceTree = "<group>"; };
		9480A1F21AE54BAB007F45BE /* Base */ = {isa = PBXFileReference; lastKnownFileType = file.xib; name = Base; path = Base.lproj/LaunchScreen.xib; sourceTree = "<group>"; };
		9480A1F81AE54BAB007F45BE /* WaypointerTests.xctest */ = {isa = PBXFileReference; explicitFileType = wrapper.cfbundle; includeInIndex = 0; path = WaypointerTests.xctest; sourceTree = BUILT_PRODUCTS_DIR; };
		9480A1FD1AE54BAB007F45BE /* Info.plist */ = {isa = PBXFileReference; lastKnownFileType = text.plist.xml; path = Info.plist; sourceTree = "<group>"; };
		9480A1FE1AE54BAB007F45BE /* WaypointerTests.swift */ = {isa = PBXFileReference; lastKnownFileType = sourcecode.swift; path = WaypointerTests.swift; sourceTree = "<group>"; };
		9480A2091AE54BC9007F45BE /* AddButton.swift */ = {isa = PBXFileReference; fileEncoding = 4; lastKnownFileType = sourcecode.swift; path = AddButton.swift; sourceTree = "<group>"; };
		9480A20C1AE54BED007F45BE /* Waypoint.swift */ = {isa = PBXFileReference; fileEncoding = 4; lastKnownFileType = sourcecode.swift; path = Waypoint.swift; sourceTree = "<group>"; };
		9480A20E1AE54C08007F45BE /* WaypointManager.swift */ = {isa = PBXFileReference; fileEncoding = 4; lastKnownFileType = sourcecode.swift; path = WaypointManager.swift; sourceTree = "<group>"; };
		9480A2111AE54C30007F45BE /* MyMath.swift */ = {isa = PBXFileReference; fileEncoding = 4; lastKnownFileType = sourcecode.swift; path = MyMath.swift; sourceTree = "<group>"; };
		9480A2141AE54C58007F45BE /* Point3D.swift */ = {isa = PBXFileReference; fileEncoding = 4; lastKnownFileType = sourcecode.swift; path = Point3D.swift; sourceTree = "<group>"; };
		9480A2161AE54C65007F45BE /* Line.swift */ = {isa = PBXFileReference; fileEncoding = 4; lastKnownFileType = sourcecode.swift; path = Line.swift; sourceTree = "<group>"; };
		9480A2181AE54C7D007F45BE /* global.swift */ = {isa = PBXFileReference; fileEncoding = 4; lastKnownFileType = sourcecode.swift; path = global.swift; sourceTree = "<group>"; };
		9494B2741B5058730038D3B6 /* CannotRunScreen.swift */ = {isa = PBXFileReference; fileEncoding = 4; lastKnownFileType = sourcecode.swift; path = CannotRunScreen.swift; sourceTree = "<group>"; };
		9494B2761B505F1D0038D3B6 /* CenterLine.swift */ = {isa = PBXFileReference; fileEncoding = 4; lastKnownFileType = sourcecode.swift; path = CenterLine.swift; sourceTree = "<group>"; };
		949CA03A1B803A92006BA3EA /* groups.txt */ = {isa = PBXFileReference; fileEncoding = 4; lastKnownFileType = text; path = groups.txt; sourceTree = "<group>"; };
		94AF40441B507A020052E347 /* GreyTintScreen.swift */ = {isa = PBXFileReference; fileEncoding = 4; lastKnownFileType = sourcecode.swift; path = GreyTintScreen.swift; sourceTree = "<group>"; };
		94C6E0FF1B38C04200F6FA08 /* GroupScreen.swift */ = {isa = PBXFileReference; fileEncoding = 4; lastKnownFileType = sourcecode.swift; path = GroupScreen.swift; sourceTree = "<group>"; };
		94C6E1011B38C08E00F6FA08 /* GroupButton.swift */ = {isa = PBXFileReference; fileEncoding = 4; lastKnownFileType = sourcecode.swift; path = GroupButton.swift; sourceTree = "<group>"; };
/* End PBXFileReference section */

/* Begin PBXFrameworksBuildPhase section */
		9480A1E01AE54BAB007F45BE /* Frameworks */ = {
			isa = PBXFrameworksBuildPhase;
			buildActionMask = 2147483647;
			files = (
			);
			runOnlyForDeploymentPostprocessing = 0;
		};
		9480A1F51AE54BAB007F45BE /* Frameworks */ = {
			isa = PBXFrameworksBuildPhase;
			buildActionMask = 2147483647;
			files = (
			);
			runOnlyForDeploymentPostprocessing = 0;
		};
/* End PBXFrameworksBuildPhase section */

/* Begin PBXGroup section */
		943F4D501B39EDA000A1EBCF /* PrimiaryButtons */ = {
			isa = PBXGroup;
			children = (
				940DF6D91B2C858300552527 /* StandardAddButton.swift */,
				9480A2091AE54BC9007F45BE /* AddButton.swift */,
				941DAC5F1AE70F360089EF3B /* AddGroup.swift */,
				943ED48A1B1E657C00AF96E9 /* AddAddressButton.swift */,
			);
			name = PrimiaryButtons;
			sourceTree = "<group>";
		};
		943F4D511B39EDD200A1EBCF /* SecondaryButtons */ = {
			isa = PBXGroup;
			children = (
				94C6E0FF1B38C04200F6FA08 /* GroupScreen.swift */,
				94C6E1011B38C08E00F6FA08 /* GroupButton.swift */,
			);
			name = SecondaryButtons;
			sourceTree = "<group>";
		};
		9480A1DA1AE54BAB007F45BE = {
			isa = PBXGroup;
			children = (
				9480A1E51AE54BAB007F45BE /* Waypointer */,
				9480A1FB1AE54BAB007F45BE /* WaypointerTests */,
				9480A1E41AE54BAB007F45BE /* Products */,
			);
			sourceTree = "<group>";
		};
		9480A1E41AE54BAB007F45BE /* Products */ = {
			isa = PBXGroup;
			children = (
				9480A1E31AE54BAB007F45BE /* Waypointer.app */,
				9480A1F81AE54BAB007F45BE /* WaypointerTests.xctest */,
			);
			name = Products;
			sourceTree = "<group>";
		};
		9480A1E51AE54BAB007F45BE /* Waypointer */ = {
			isa = PBXGroup;
			children = (
				949CA03A1B803A92006BA3EA /* groups.txt */,
				9480A2131AE54C4E007F45BE /* Geometry */,
				9480A2101AE54C24007F45BE /* math */,
				9480A20B1AE54BDE007F45BE /* Waypoint System */,
				9480A2081AE54BC0007F45BE /* UIStuff */,
				9480A1E81AE54BAB007F45BE /* AppDelegate.swift */,
				9480A1EA1AE54BAB007F45BE /* ViewController.swift */,
				9480A1EC1AE54BAB007F45BE /* Main.storyboard */,
				9480A1EF1AE54BAB007F45BE /* Images.xcassets */,
				9480A1F11AE54BAB007F45BE /* LaunchScreen.xib */,
				9480A1E61AE54BAB007F45BE /* Supporting Files */,
				9480A2181AE54C7D007F45BE /* global.swift */,
			);
			path = Waypointer;
			sourceTree = "<group>";
		};
		9480A1E61AE54BAB007F45BE /* Supporting Files */ = {
			isa = PBXGroup;
			children = (
				9480A1E71AE54BAB007F45BE /* Info.plist */,
			);
			name = "Supporting Files";
			sourceTree = "<group>";
		};
		9480A1FB1AE54BAB007F45BE /* WaypointerTests */ = {
			isa = PBXGroup;
			children = (
				9480A1FE1AE54BAB007F45BE /* WaypointerTests.swift */,
				9480A1FC1AE54BAB007F45BE /* Supporting Files */,
			);
			path = WaypointerTests;
			sourceTree = "<group>";
		};
		9480A1FC1AE54BAB007F45BE /* Supporting Files */ = {
			isa = PBXGroup;
			children = (
				9480A1FD1AE54BAB007F45BE /* Info.plist */,
			);
			name = "Supporting Files";
			sourceTree = "<group>";
		};
		9480A2081AE54BC0007F45BE /* UIStuff */ = {
			isa = PBXGroup;
			children = (
				943F4D511B39EDD200A1EBCF /* SecondaryButtons */,
				943F4D501B39EDA000A1EBCF /* PrimiaryButtons */,
				94616B391AE54F3700904114 /* VerifyButton.swift */,
				9494B2741B5058730038D3B6 /* CannotRunScreen.swift */,
				9494B2761B505F1D0038D3B6 /* CenterLine.swift */,
				94AF40441B507A020052E347 /* GreyTintScreen.swift */,
			);
			name = UIStuff;
			sourceTree = "<group>";
		};
		9480A20B1AE54BDE007F45BE /* Waypoint System */ = {
			isa = PBXGroup;
			children = (
				9480A20C1AE54BED007F45BE /* Waypoint.swift */,
				9480A20E1AE54C08007F45BE /* WaypointManager.swift */,
				941DAC611AE7110E0089EF3B /* WaypointGroup.swift */,
			);
			name = "Waypoint System";
			sourceTree = "<group>";
		};
		9480A2101AE54C24007F45BE /* math */ = {
			isa = PBXGroup;
			children = (
				9480A2111AE54C30007F45BE /* MyMath.swift */,
			);
			name = math;
			sourceTree = "<group>";
		};
		9480A2131AE54C4E007F45BE /* Geometry */ = {
			isa = PBXGroup;
			children = (
				9480A2141AE54C58007F45BE /* Point3D.swift */,
				9480A2161AE54C65007F45BE /* Line.swift */,
			);
			name = Geometry;
			sourceTree = "<group>";
		};
/* End PBXGroup section */

/* Begin PBXNativeTarget section */
		9480A1E21AE54BAB007F45BE /* Waypointer */ = {
			isa = PBXNativeTarget;
			buildConfigurationList = 9480A2021AE54BAB007F45BE /* Build configuration list for PBXNativeTarget "Waypointer" */;
			buildPhases = (
				9480A1DF1AE54BAB007F45BE /* Sources */,
				9480A1E01AE54BAB007F45BE /* Frameworks */,
				9480A1E11AE54BAB007F45BE /* Resources */,
			);
			buildRules = (
			);
			dependencies = (
			);
			name = Waypointer;
			productName = Waypointer;
			productReference = 9480A1E31AE54BAB007F45BE /* Waypointer.app */;
			productType = "com.apple.product-type.application";
		};
		9480A1F71AE54BAB007F45BE /* WaypointerTests */ = {
			isa = PBXNativeTarget;
			buildConfigurationList = 9480A2051AE54BAB007F45BE /* Build configuration list for PBXNativeTarget "WaypointerTests" */;
			buildPhases = (
				9480A1F41AE54BAB007F45BE /* Sources */,
				9480A1F51AE54BAB007F45BE /* Frameworks */,
				9480A1F61AE54BAB007F45BE /* Resources */,
			);
			buildRules = (
			);
			dependencies = (
				9480A1FA1AE54BAB007F45BE /* PBXTargetDependency */,
			);
			name = WaypointerTests;
			productName = WaypointerTests;
			productReference = 9480A1F81AE54BAB007F45BE /* WaypointerTests.xctest */;
			productType = "com.apple.product-type.bundle.unit-test";
		};
/* End PBXNativeTarget section */

/* Begin PBXProject section */
		9480A1DB1AE54BAB007F45BE /* Project object */ = {
			isa = PBXProject;
			attributes = {
				LastUpgradeCheck = 0630;
				ORGANIZATIONNAME = Ryan;
				TargetAttributes = {
					9480A1E21AE54BAB007F45BE = {
						CreatedOnToolsVersion = 6.3;
						DevelopmentTeam = 6324PPSYJF;
					};
					9480A1F71AE54BAB007F45BE = {
						CreatedOnToolsVersion = 6.3;
						TestTargetID = 9480A1E21AE54BAB007F45BE;
					};
				};
			};
			buildConfigurationList = 9480A1DE1AE54BAB007F45BE /* Build configuration list for PBXProject "Waypointer" */;
			compatibilityVersion = "Xcode 3.2";
			developmentRegion = English;
			hasScannedForEncodings = 0;
			knownRegions = (
				en,
				Base,
			);
			mainGroup = 9480A1DA1AE54BAB007F45BE;
			productRefGroup = 9480A1E41AE54BAB007F45BE /* Products */;
			projectDirPath = "";
			projectRoot = "";
			targets = (
				9480A1E21AE54BAB007F45BE /* Waypointer */,
				9480A1F71AE54BAB007F45BE /* WaypointerTests */,
			);
		};
/* End PBXProject section */

/* Begin PBXResourcesBuildPhase section */
		9480A1E11AE54BAB007F45BE /* Resources */ = {
			isa = PBXResourcesBuildPhase;
			buildActionMask = 2147483647;
			files = (
				949CA03B1B803A92006BA3EA /* groups.txt in Resources */,
				9480A1EE1AE54BAB007F45BE /* Main.storyboard in Resources */,
				9480A1F31AE54BAB007F45BE /* LaunchScreen.xib in Resources */,
				9480A1F01AE54BAB007F45BE /* Images.xcassets in Resources */,
			);
			runOnlyForDeploymentPostprocessing = 0;
		};
		9480A1F61AE54BAB007F45BE /* Resources */ = {
			isa = PBXResourcesBuildPhase;
			buildActionMask = 2147483647;
			files = (
			);
			runOnlyForDeploymentPostprocessing = 0;
		};
/* End PBXResourcesBuildPhase section */

/* Begin PBXSourcesBuildPhase section */
		9480A1DF1AE54BAB007F45BE /* Sources */ = {
			isa = PBXSourcesBuildPhase;
			buildActionMask = 2147483647;
			files = (
				9480A20D1AE54BED007F45BE /* Waypoint.swift in Sources */,
				94C6E1001B38C04200F6FA08 /* GroupScreen.swift in Sources */,
				9494B2771B505F1D0038D3B6 /* CenterLine.swift in Sources */,
				9480A20A1AE54BC9007F45BE /* AddButton.swift in Sources */,
				94AF40451B507A020052E347 /* GreyTintScreen.swift in Sources */,
				9480A1EB1AE54BAB007F45BE /* ViewController.swift in Sources */,
				9480A2191AE54C7D007F45BE /* global.swift in Sources */,
				94C6E1021B38C08E00F6FA08 /* GroupButton.swift in Sources */,
				943ED48B1B1E657C00AF96E9 /* AddAddressButton.swift in Sources */,
				9494B2751B5058730038D3B6 /* CannotRunScreen.swift in Sources */,
				9480A1E91AE54BAB007F45BE /* AppDelegate.swift in Sources */,
				9480A20F1AE54C08007F45BE /* WaypointManager.swift in Sources */,
				941DAC621AE7110E0089EF3B /* WaypointGroup.swift in Sources */,
				94616B3A1AE54F3700904114 /* VerifyButton.swift in Sources */,
				9480A2171AE54C65007F45BE /* Line.swift in Sources */,
				940DF6DA1B2C858300552527 /* StandardAddButton.swift in Sources */,
				9480A2121AE54C30007F45BE /* MyMath.swift in Sources */,
				941DAC601AE70F360089EF3B /* AddGroup.swift in Sources */,
				9480A2151AE54C58007F45BE /* Point3D.swift in Sources */,
			);
			runOnlyForDeploymentPostprocessing = 0;
		};
		9480A1F41AE54BAB007F45BE /* Sources */ = {
			isa = PBXSourcesBuildPhase;
			buildActionMask = 2147483647;
			files = (
				9480A1FF1AE54BAB007F45BE /* WaypointerTests.swift in Sources */,
			);
			runOnlyForDeploymentPostprocessing = 0;
		};
/* End PBXSourcesBuildPhase section */

/* Begin PBXTargetDependency section */
		9480A1FA1AE54BAB007F45BE /* PBXTargetDependency */ = {
			isa = PBXTargetDependency;
			target = 9480A1E21AE54BAB007F45BE /* Waypointer */;
			targetProxy = 9480A1F91AE54BAB007F45BE /* PBXContainerItemProxy */;
		};
/* End PBXTargetDependency section */

/* Begin PBXVariantGroup section */
		9480A1EC1AE54BAB007F45BE /* Main.storyboard */ = {
			isa = PBXVariantGroup;
			children = (
				9480A1ED1AE54BAB007F45BE /* Base */,
			);
			name = Main.storyboard;
			sourceTree = "<group>";
		};
		9480A1F11AE54BAB007F45BE /* LaunchScreen.xib */ = {
			isa = PBXVariantGroup;
			children = (
				9480A1F21AE54BAB007F45BE /* Base */,
			);
			name = LaunchScreen.xib;
			sourceTree = "<group>";
		};
/* End PBXVariantGroup section */

/* Begin XCBuildConfiguration section */
		9480A2001AE54BAB007F45BE /* Debug */ = {
			isa = XCBuildConfiguration;
			buildSettings = {
				ALWAYS_SEARCH_USER_PATHS = NO;
				CLANG_CXX_LANGUAGE_STANDARD = "gnu++0x";
				CLANG_CXX_LIBRARY = "libc++";
				CLANG_ENABLE_MODULES = YES;
				CLANG_ENABLE_OBJC_ARC = YES;
				CLANG_WARN_BOOL_CONVERSION = YES;
				CLANG_WARN_CONSTANT_CONVERSION = YES;
				CLANG_WARN_DIRECT_OBJC_ISA_USAGE = YES_ERROR;
				CLANG_WARN_EMPTY_BODY = YES;
				CLANG_WARN_ENUM_CONVERSION = YES;
				CLANG_WARN_INT_CONVERSION = YES;
				CLANG_WARN_OBJC_ROOT_CLASS = YES_ERROR;
				CLANG_WARN_UNREACHABLE_CODE = YES;
				CLANG_WARN__DUPLICATE_METHOD_MATCH = YES;
				"CODE_SIGN_IDENTITY[sdk=iphoneos*]" = "iPhone Developer";
				COPY_PHASE_STRIP = NO;
				DEBUG_INFORMATION_FORMAT = "dwarf-with-dsym";
				ENABLE_STRICT_OBJC_MSGSEND = YES;
				GCC_C_LANGUAGE_STANDARD = gnu99;
				GCC_DYNAMIC_NO_PIC = NO;
				GCC_NO_COMMON_BLOCKS = YES;
				GCC_OPTIMIZATION_LEVEL = 0;
				GCC_PREPROCESSOR_DEFINITIONS = (
					"DEBUG=1",
					"$(inherited)",
				);
				GCC_SYMBOLS_PRIVATE_EXTERN = NO;
				GCC_WARN_64_TO_32_BIT_CONVERSION = YES;
				GCC_WARN_ABOUT_RETURN_TYPE = YES_ERROR;
				GCC_WARN_UNDECLARED_SELECTOR = YES;
				GCC_WARN_UNINITIALIZED_AUTOS = YES_AGGRESSIVE;
				GCC_WARN_UNUSED_FUNCTION = YES;
				GCC_WARN_UNUSED_VARIABLE = YES;
				IPHONEOS_DEPLOYMENT_TARGET = 8.4;
				MTL_ENABLE_DEBUG_INFO = YES;
				ONLY_ACTIVE_ARCH = YES;
				SDKROOT = iphoneos;
				SWIFT_OPTIMIZATION_LEVEL = "-Onone";
				TARGETED_DEVICE_FAMILY = "1,2";
			};
			name = Debug;
		};
		9480A2011AE54BAB007F45BE /* Release */ = {
			isa = XCBuildConfiguration;
			buildSettings = {
				ALWAYS_SEARCH_USER_PATHS = NO;
				CLANG_CXX_LANGUAGE_STANDARD = "gnu++0x";
				CLANG_CXX_LIBRARY = "libc++";
				CLANG_ENABLE_MODULES = YES;
				CLANG_ENABLE_OBJC_ARC = YES;
				CLANG_WARN_BOOL_CONVERSION = YES;
				CLANG_WARN_CONSTANT_CONVERSION = YES;
				CLANG_WARN_DIRECT_OBJC_ISA_USAGE = YES_ERROR;
				CLANG_WARN_EMPTY_BODY = YES;
				CLANG_WARN_ENUM_CONVERSION = YES;
				CLANG_WARN_INT_CONVERSION = YES;
				CLANG_WARN_OBJC_ROOT_CLASS = YES_ERROR;
				CLANG_WARN_UNREACHABLE_CODE = YES;
				CLANG_WARN__DUPLICATE_METHOD_MATCH = YES;
				"CODE_SIGN_IDENTITY[sdk=iphoneos*]" = "iPhone Developer";
				COPY_PHASE_STRIP = NO;
				DEBUG_INFORMATION_FORMAT = "dwarf-with-dsym";
				ENABLE_NS_ASSERTIONS = NO;
				ENABLE_STRICT_OBJC_MSGSEND = YES;
				GCC_C_LANGUAGE_STANDARD = gnu99;
				GCC_NO_COMMON_BLOCKS = YES;
				GCC_WARN_64_TO_32_BIT_CONVERSION = YES;
				GCC_WARN_ABOUT_RETURN_TYPE = YES_ERROR;
				GCC_WARN_UNDECLARED_SELECTOR = YES;
				GCC_WARN_UNINITIALIZED_AUTOS = YES_AGGRESSIVE;
				GCC_WARN_UNUSED_FUNCTION = YES;
				GCC_WARN_UNUSED_VARIABLE = YES;
				IPHONEOS_DEPLOYMENT_TARGET = 8.4;
				MTL_ENABLE_DEBUG_INFO = NO;
				SDKROOT = iphoneos;
				TARGETED_DEVICE_FAMILY = "1,2";
				VALIDATE_PRODUCT = YES;
			};
			name = Release;
		};
		9480A2031AE54BAB007F45BE /* Debug */ = {
			isa = XCBuildConfiguration;
			buildSettings = {
				ASSETCATALOG_COMPILER_APPICON_NAME = AppIcon;
				CODE_SIGN_IDENTITY = "iPhone Developer";
				"CODE_SIGN_IDENTITY[sdk=iphoneos*]" = "iPhone Developer";
				INFOPLIST_FILE = Waypointer/Info.plist;
				LD_RUNPATH_SEARCH_PATHS = "$(inherited) @executable_path/Frameworks";
				PRODUCT_NAME = "$(TARGET_NAME)";
				PROVISIONING_PROFILE = "";
			};
			name = Debug;
		};
		9480A2041AE54BAB007F45BE /* Release */ = {
			isa = XCBuildConfiguration;
			buildSettings = {
				ASSETCATALOG_COMPILER_APPICON_NAME = AppIcon;
				CODE_SIGN_IDENTITY = "iPhone Developer";
				"CODE_SIGN_IDENTITY[sdk=iphoneos*]" = "iPhone Developer";
				INFOPLIST_FILE = Waypointer/Info.plist;
				LD_RUNPATH_SEARCH_PATHS = "$(inherited) @executable_path/Frameworks";
				PRODUCT_NAME = "$(TARGET_NAME)";
				PROVISIONING_PROFILE = "";
			};
			name = Release;
		};
		9480A2061AE54BAB007F45BE /* Debug */ = {
			isa = XCBuildConfiguration;
			buildSettings = {
				BUNDLE_LOADER = "$(TEST_HOST)";
				FRAMEWORK_SEARCH_PATHS = (
					"$(SDKROOT)/Developer/Library/Frameworks",
					"$(inherited)",
				);
				GCC_PREPROCESSOR_DEFINITIONS = (
					"DEBUG=1",
					"$(inherited)",
				);
				INFOPLIST_FILE = WaypointerTests/Info.plist;
				LD_RUNPATH_SEARCH_PATHS = "$(inherited) @executable_path/Frameworks @loader_path/Frameworks";
				PRODUCT_NAME = "$(TARGET_NAME)";
				TEST_HOST = "$(BUILT_PRODUCTS_DIR)/Waypointer.app/Waypointer";
			};
			name = Debug;
		};
		9480A2071AE54BAB007F45BE /* Release */ = {
			isa = XCBuildConfiguration;
			buildSettings = {
				BUNDLE_LOADER = "$(TEST_HOST)";
				FRAMEWORK_SEARCH_PATHS = (
					"$(SDKROOT)/Developer/Library/Frameworks",
					"$(inherited)",
				);
				INFOPLIST_FILE = WaypointerTests/Info.plist;
				LD_RUNPATH_SEARCH_PATHS = "$(inherited) @executable_path/Frameworks @loader_path/Frameworks";
				PRODUCT_NAME = "$(TARGET_NAME)";
				TEST_HOST = "$(BUILT_PRODUCTS_DIR)/Waypointer.app/Waypointer";
			};
			name = Release;
		};
/* End XCBuildConfiguration section */

/* Begin XCConfigurationList section */
		9480A1DE1AE54BAB007F45BE /* Build configuration list for PBXProject "Waypointer" */ = {
			isa = XCConfigurationList;
			buildConfigurations = (
				9480A2001AE54BAB007F45BE /* Debug */,
				9480A2011AE54BAB007F45BE /* Release */,
			);
			defaultConfigurationIsVisible = 0;
			defaultConfigurationName = Release;
		};
		9480A2021AE54BAB007F45BE /* Build configuration list for PBXNativeTarget "Waypointer" */ = {
			isa = XCConfigurationList;
			buildConfigurations = (
				9480A2031AE54BAB007F45BE /* Debug */,
				9480A2041AE54BAB007F45BE /* Release */,
			);
			defaultConfigurationIsVisible = 0;
			defaultConfigurationName = Release;
		};
		9480A2051AE54BAB007F45BE /* Build configuration list for PBXNativeTarget "WaypointerTests" */ = {
			isa = XCConfigurationList;
			buildConfigurations = (
				9480A2061AE54BAB007F45BE /* Debug */,
				9480A2071AE54BAB007F45BE /* Release */,
			);
			defaultConfigurationIsVisible = 0;
			defaultConfigurationName = Release;
		};
/* End XCConfigurationList section */
	};
	rootObject = 9480A1DB1AE54BAB007F45BE /* Project object */;
}
